PODS:
  - Alamofire (4.8.2)
  - BBBadgeBarButtonItem (1.2)
  - Kingfisher (4.10.1)
  - RxAlamofire (5.0.0):
    - RxAlamofire/Core (= 5.0.0)
  - RxAlamofire/Core (5.0.0):
    - Alamofire (~> 4.8)
    - RxSwift (~> 5.0)
  - RxCocoa (5.0.0):
    - RxRelay (~> 5)
    - RxSwift (~> 5)
  - RxRelay (5.0.0):
    - RxSwift (~> 5)
  - RxSwift (5.0.0)
  - SVProgressHUD (2.2.5)

DEPENDENCIES:
  - Alamofire (= 4.8.2)
  - BBBadgeBarButtonItem (= 1.2)
  - Kingfisher (= 4.10.1)
  - RxAlamofire (= 5.0.0)
  - RxCocoa (= 5.0.0)
  - RxSwift (= 5.0.0)
  - SVProgressHUD (= 2.2.5)

SPEC REPOS:
  https://github.com/cocoapods/specs.git:
    - Alamofire
    - BBBadgeBarButtonItem
    - Kingfisher
    - RxAlamofire
    - RxCocoa
    - RxRelay
    - RxSwift
    - SVProgressHUD

SPEC CHECKSUMS:
  Alamofire: ae5c501addb7afdbb13687d7f2f722c78734c2d3
  BBBadgeBarButtonItem: c2fbca0bff18e21b70defc9438a8a5048008e7ca
  Kingfisher: c148cd7b47ebde9989f6bc7c27dcaa79d81279a0
  RxAlamofire: e7875a012aff55345672d0f70a2a9cd6aeb0f211
  RxCocoa: fcf32050ac00d801f34a7f71d5e8e7f23026dcd8
  RxRelay: 4f7409406a51a55cd88483f21ed898c234d60f18
  RxSwift: 8b0671caa829a763bbce7271095859121cbd895f
  SVProgressHUD: 1428aafac632c1f86f62aa4243ec12008d7a51d6

PODFILE CHECKSUM: 6b0cbdfa6c80af412310595e22504877135046d2

COCOAPODS: 1.7.1
